{
  "lockfileVersion": 1,
  "configVersion": 1,
  "workspaces": {
    "": {
      "name": "agent-kit",
      "devDependencies": {
        "@biomejs/biome": "^1.9.4",
        "@types/node": "^26.1.2",
        "bun-types": "^1.3.14",
        "turbo": "^2.8.0",
        "typescript": "^5.8.0",
      },
    },
    "demo/code-refactor-agent": {
      "name": "code-refactor-agent-demo",
      "version": "0.1.1",
      "dependencies": {
        "@fengrru/archiver": "workspace:*",
        "@fengrru/codegraph": "workspace:*",
        "@fengrru/confidence-gate": "workspace:*",
        "@fengrru/embedding": "workspace:*",
        "@fengrru/event-bus": "workspace:*",
        "@fengrru/fuzzy-patch": "workspace:*",
        "@fengrru/llm-dag-generator": "workspace:*",
        "@fengrru/project-memory": "workspace:*",
        "@fengrru/state-machine": "workspace:*",
        "@fengrru/taskdag": "workspace:*",
        "@fengrru/valid8": "workspace:*",
      },
      "devDependencies": {
        "@types/node": "^26.1.2",
        "bun-types": "^1.3.14",
        "typescript": "^5.8.0",
      },
    },
    "demo/self-hosted-agent": {
      "name": "self-hosted-agent-demo",
      "version": "0.1.0",
      "dependencies": {
        "@fengrru/evidence-log": "workspace:*",
        "@fengrru/history-compact": "workspace:*",
        "@fengrru/knowledge-vault": "workspace:*",
        "@fengrru/retrieval-feedback": "workspace:*",
        "zod": "^3.24.1",
      },
      "devDependencies": {
        "@types/node": "^26.1.2",
        "bun-types": "^1.3.14",
        "typescript": "^5.8.0",
      },
    },
    "packages/agent-checkpoint": {
      "name": "@fengrru/agent-checkpoint",
      "version": "0.1.0",
      "devDependencies": {
        "typescript": "^5.0.0",
      },
    },
    "packages/agent-memory": {
      "name": "@fengrru/agent-memory",
      "version": "0.1.1",
      "dependencies": {
        "@fengrru/memory-engine-v2": "workspace:*",
      },
      "devDependencies": {
        "typescript": "^5.0.0",
      },
    },
    "packages/agent-metacog": {
      "name": "@fengrru/agent-metacog",
      "version": "0.1.1",
      "devDependencies": {
        "typescript": "^5.0.0",
      },
    },
    "packages/agentic-search": {
      "name": "@fengrru/agentic-search",
      "version": "0.1.1",
      "devDependencies": {
        "typescript": "^5.0.0",
      },
    },
    "packages/archiver": {
      "name": "@fengrru/archiver",
      "version": "0.2.0",
      "devDependencies": {
        "typescript": "^5.0.0",
      },
    },
    "packages/branch": {
      "name": "@fengrru/branch",
      "version": "0.1.1",
      "devDependencies": {
        "typescript": "^5.0.0",
      },
    },
    "packages/checkpoint-writer": {
      "name": "@fengrru/checkpoint-writer",
      "version": "0.1.0",
      "devDependencies": {
        "typescript": "^5.0.0",
      },
    },
    "packages/code-sandbox": {
      "name": "@fengrru/code-sandbox",
      "version": "0.2.0",
    },
    "packages/codegraph": {
      "name": "@fengrru/codegraph",
      "version": "0.1.1",
      "devDependencies": {
        "typescript": "^5.0.0",
      },
      "peerDependencies": {
        "web-tree-sitter": ">=0.24",
      },
      "optionalPeers": [
        "web-tree-sitter",
      ],
    },
    "packages/confidence-gate": {
      "name": "@fengrru/confidence-gate",
      "version": "0.1.0",
      "devDependencies": {
        "typescript": "^5.0.0",
      },
    },
    "packages/cycle-controller": {
      "name": "@fengrru/cycle-controller",
      "version": "0.1.1",
      "devDependencies": {
        "typescript": "^5.0.0",
      },
      "peerDependencies": {
        "@fengrru/event-bus": "workspace:*",
        "@fengrru/state-machine": "workspace:*",
      },
      "optionalPeers": [
        "@fengrru/event-bus",
        "@fengrru/state-machine",
      ],
    },
    "packages/dreamdistill": {
      "name": "@fengrru/dreamdistill",
      "version": "0.1.0",
      "devDependencies": {
        "typescript": "^5.0.0",
      },
    },
    "packages/dynamic-workflow": {
      "name": "@fengrru/dynamic-workflow",
      "version": "0.1.1",
      "devDependencies": {
        "typescript": "^5.0.0",
      },
    },
    "packages/embedding": {
      "name": "@fengrru/embedding",
      "version": "0.1.1",
      "devDependencies": {
        "typescript": "^5.0.0",
      },
    },
    "packages/engine-db": {
      "name": "@fengrru/engine-db",
      "version": "0.1.0",
      "devDependencies": {
        "typescript": "^5.0.0",
      },
    },
    "packages/event-bus": {
      "name": "@fengrru/event-bus",
      "version": "0.1.1",
    },
    "packages/evidence-log": {
      "name": "@fengrru/evidence-log",
      "version": "0.1.0",
    },
    "packages/fuzzy-patch": {
      "name": "@fengrru/fuzzy-patch",
      "version": "0.1.1",
      "devDependencies": {
        "typescript": "^5.0.0",
      },
    },
    "packages/goal-verifier": {
      "name": "@fengrru/goal-verifier",
      "version": "0.1.0",
      "devDependencies": {
        "typescript": "^5.0.0",
      },
    },
    "packages/guardrail": {
      "name": "@fengrru/guardrail",
      "version": "0.1.0",
      "devDependencies": {
        "typescript": "^5.0.0",
      },
    },
    "packages/hallucination-detector": {
      "name": "@fengrru/hallucination-detector",
      "version": "0.1.1",
      "dependencies": {
        "@fengrru/internal-tfidf": "workspace:*",
      },
    },
    "packages/healix": {
      "name": "@fengrru/healix",
      "version": "0.1.1",
      "devDependencies": {
        "typescript": "^5.0.0",
      },
    },
    "packages/history-compact": {
      "name": "@fengrru/history-compact",
      "version": "0.1.0",
      "dependencies": {
        "@fengrru/evidence-log": "workspace:*",
      },
    },
    "packages/internal-tfidf": {
      "name": "@fengrru/internal-tfidf",
      "version": "0.1.0",
    },
    "packages/knowledge-vault": {
      "name": "@fengrru/knowledge-vault",
      "version": "0.1.0",
      "dependencies": {
        "@fengrru/evidence-log": "workspace:*",
      },
    },
    "packages/learning-nudge": {
      "name": "@fengrru/learning-nudge",
      "version": "0.1.0",
      "devDependencies": {
        "typescript": "^5.0.0",
      },
    },
    "packages/lifecycle-manager": {
      "name": "@fengrru/lifecycle-manager",
      "version": "0.1.0",
      "devDependencies": {
        "typescript": "^5.0.0",
      },
    },
    "packages/llm-dag-generator": {
      "name": "@fengrru/llm-dag-generator",
      "version": "0.1.1",
      "devDependencies": {
        "typescript": "^5.0.0",
      },
    },
    "packages/max-mode-sampler": {
      "name": "@fengrru/max-mode-sampler",
      "version": "0.1.0",
      "devDependencies": {
        "typescript": "^5.0.0",
      },
    },
    "packages/mcp-client": {
      "name": "@fengrru/mcp-client",
      "version": "0.1.0",
    },
    "packages/memory-engine-v2": {
      "name": "@fengrru/memory-engine-v2",
      "version": "0.1.1",
      "dependencies": {
        "@fengrru/internal-tfidf": "workspace:*",
      },
    },
    "packages/memory-graph": {
      "name": "@fengrru/memory-graph",
      "version": "0.1.1",
    },
    "packages/notes-manager": {
      "name": "@fengrru/notes-manager",
      "version": "0.1.0",
      "devDependencies": {
        "typescript": "^5.0.0",
      },
    },
    "packages/pomdp-planner": {
      "name": "@fengrru/pomdp-planner",
      "version": "0.1.1",
    },
    "packages/process-reward": {
      "name": "@fengrru/process-reward",
      "version": "0.1.1",
      "devDependencies": {
        "typescript": "^5.0.0",
      },
    },
    "packages/project-memory": {
      "name": "@fengrru/project-memory",
      "version": "0.1.0",
      "devDependencies": {
        "typescript": "^5.0.0",
      },
    },
    "packages/reasoning-search": {
      "name": "@fengrru/reasoning-search",
      "version": "0.1.1",
      "devDependencies": {
        "typescript": "^5.0.0",
      },
    },
    "packages/replay": {
      "name": "@fengrru/replay",
      "version": "0.1.1",
      "devDependencies": {
        "typescript": "^5.0.0",
      },
    },
    "packages/retrieval-feedback": {
      "name": "@fengrru/retrieval-feedback",
      "version": "0.1.0",
      "dependencies": {
        "@fengrru/knowledge-vault": "workspace:*",
      },
    },
    "packages/skill-curator": {
      "name": "@fengrru/skill-curator",
      "version": "0.1.0",
      "devDependencies": {
        "typescript": "^5.0.0",
      },
    },
    "packages/skillforge": {
      "name": "@fengrru/skillforge",
      "version": "0.1.1",
      "devDependencies": {
        "typescript": "^5.0.0",
      },
    },
    "packages/state-machine": {
      "name": "@fengrru/state-machine",
      "version": "0.1.0",
      "devDependencies": {
        "typescript": "^5.0.0",
      },
    },
    "packages/taskdag": {
      "name": "@fengrru/taskdag",
      "version": "0.1.0",
      "devDependencies": {
        "typescript": "^5.0.0",
      },
    },
    "packages/tracing": {
      "name": "@fengrru/tracing",
      "version": "0.1.1",
      "devDependencies": {
        "typescript": "^5.0.0",
      },
    },
    "packages/txn-fs": {
      "name": "@fengrru/txn-fs",
      "version": "0.1.1",
      "devDependencies": {
        "typescript": "^5.0.0",
      },
    },
    "packages/valid8": {
      "name": "@fengrru/valid8",
      "version": "0.1.0",
      "devDependencies": {
        "typescript": "^5.0.0",
      },
      "peerDependencies": {
        "typescript": ">=5.0",
      },
      "optionalPeers": [
        "typescript",
      ],
    },
    "packages/worker": {
      "name": "@fengrru/worker",
      "version": "0.1.0",
    },
  },
  "packages": {
    "@biomejs/biome": ["@biomejs/biome@1.9.4", "", { "optionalDependencies": { "@biomejs/cli-darwin-arm64": "1.9.4", "@biomejs/cli-darwin-x64": "1.9.4", "@biomejs/cli-linux-arm64": "1.9.4", "@biomejs/cli-linux-arm64-musl": "1.9.4", "@biomejs/cli-linux-x64": "1.9.4", "@biomejs/cli-linux-x64-musl": "1.9.4", "@biomejs/cli-win32-arm64": "1.9.4", "@biomejs/cli-win32-x64": "1.9.4" }, "bin": { "biome": "bin/biome" } }, "sha512-1rkd7G70+o9KkTn5KLmDYXihGoTaIGO9PIIN2ZB7UJxFrWw04CZHPYiMRjYsaDvVV7hP1dYNRLxSANLaBFGpog=="],

    "@biomejs/cli-darwin-arm64": ["@biomejs/cli-darwin-arm64@1.9.4", "", { "os": "darwin", "cpu": "arm64" }, "sha512-bFBsPWrNvkdKrNCYeAp+xo2HecOGPAy9WyNyB/jKnnedgzl4W4Hb9ZMzYNbf8dMCGmUdSavlYHiR01QaYR58cw=="],

    "@biomejs/cli-darwin-x64": ["@biomejs/cli-darwin-x64@1.9.4", "", { "os": "darwin", "cpu": "x64" }, "sha512-ngYBh/+bEedqkSevPVhLP4QfVPCpb+4BBe2p7Xs32dBgs7rh9nY2AIYUL6BgLw1JVXV8GlpKmb/hNiuIxfPfZg=="],

    "@biomejs/cli-linux-arm64": ["@biomejs/cli-linux-arm64@1.9.4", "", { "os": "linux", "cpu": "arm64" }, "sha512-fJIW0+LYujdjUgJJuwesP4EjIBl/N/TcOX3IvIHJQNsAqvV2CHIogsmA94BPG6jZATS4Hi+xv4SkBBQSt1N4/g=="],

    "@biomejs/cli-linux-arm64-musl": ["@biomejs/cli-linux-arm64-musl@1.9.4", "", { "os": "linux", "cpu": "arm64" }, "sha512-v665Ct9WCRjGa8+kTr0CzApU0+XXtRgwmzIf1SeKSGAv+2scAlW6JR5PMFo6FzqqZ64Po79cKODKf3/AAmECqA=="],

    "@biomejs/cli-linux-x64": ["@biomejs/cli-linux-x64@1.9.4", "", { "os": "linux", "cpu": "x64" }, "sha512-lRCJv/Vi3Vlwmbd6K+oQ0KhLHMAysN8lXoCI7XeHlxaajk06u7G+UsFSO01NAs5iYuWKmVZjmiOzJ0OJmGsMwg=="],

    "@biomejs/cli-linux-x64-musl": ["@biomejs/cli-linux-x64-musl@1.9.4", "", { "os": "linux", "cpu": "x64" }, "sha512-gEhi/jSBhZ2m6wjV530Yy8+fNqG8PAinM3oV7CyO+6c3CEh16Eizm21uHVsyVBEB6RIM8JHIl6AGYCv6Q6Q9Tg=="],

    "@biomejs/cli-win32-arm64": ["@biomejs/cli-win32-arm64@1.9.4", "", { "os": "win32", "cpu": "arm64" }, "sha512-tlbhLk+WXZmgwoIKwHIHEBZUwxml7bRJgk0X2sPyNR3S93cdRq6XulAZRQJ17FYGGzWne0fgrXBKpl7l4M87Hg=="],

    "@biomejs/cli-win32-x64": ["@biomejs/cli-win32-x64@1.9.4", "", { "os": "win32", "cpu": "x64" }, "sha512-8Y5wMhVIPaWe6jw2H+KlEm4wP/f7EW3810ZLmDlrEEy5KvBsb9ECEfu/kMWD484ijfQ8+nIi0giMgu9g1UAuuA=="],

    "@fengrru/agent-checkpoint": ["@fengrru/agent-checkpoint@workspace:packages/agent-checkpoint"],

    "@fengrru/agent-memory": ["@fengrru/agent-memory@workspace:packages/agent-memory"],

    "@fengrru/agent-metacog": ["@fengrru/agent-metacog@workspace:packages/agent-metacog"],

    "@fengrru/agentic-search": ["@fengrru/agentic-search@workspace:packages/agentic-search"],

    "@fengrru/archiver": ["@fengrru/archiver@workspace:packages/archiver"],

    "@fengrru/branch": ["@fengrru/branch@workspace:packages/branch"],

    "@fengrru/checkpoint-writer": ["@fengrru/checkpoint-writer@workspace:packages/checkpoint-writer"],

    "@fengrru/code-sandbox": ["@fengrru/code-sandbox@workspace:packages/code-sandbox"],

    "@fengrru/codegraph": ["@fengrru/codegraph@workspace:packages/codegraph"],

    "@fengrru/confidence-gate": ["@fengrru/confidence-gate@workspace:packages/confidence-gate"],

    "@fengrru/cycle-controller": ["@fengrru/cycle-controller@workspace:packages/cycle-controller"],

    "@fengrru/dreamdistill": ["@fengrru/dreamdistill@workspace:packages/dreamdistill"],

    "@fengrru/dynamic-workflow": ["@fengrru/dynamic-workflow@workspace:packages/dynamic-workflow"],

    "@fengrru/embedding": ["@fengrru/embedding@workspace:packages/embedding"],

    "@fengrru/engine-db": ["@fengrru/engine-db@workspace:packages/engine-db"],

    "@fengrru/event-bus": ["@fengrru/event-bus@workspace:packages/event-bus"],

    "@fengrru/evidence-log": ["@fengrru/evidence-log@workspace:packages/evidence-log"],

    "@fengrru/fuzzy-patch": ["@fengrru/fuzzy-patch@workspace:packages/fuzzy-patch"],

    "@fengrru/goal-verifier": ["@fengrru/goal-verifier@workspace:packages/goal-verifier"],

    "@fengrru/guardrail": ["@fengrru/guardrail@workspace:packages/guardrail"],

    "@fengrru/hallucination-detector": ["@fengrru/hallucination-detector@workspace:packages/hallucination-detector"],

    "@fengrru/healix": ["@fengrru/healix@workspace:packages/healix"],

    "@fengrru/history-compact": ["@fengrru/history-compact@workspace:packages/history-compact"],

    "@fengrru/internal-tfidf": ["@fengrru/internal-tfidf@workspace:packages/internal-tfidf"],

    "@fengrru/knowledge-vault": ["@fengrru/knowledge-vault@workspace:packages/knowledge-vault"],

    "@fengrru/learning-nudge": ["@fengrru/learning-nudge@workspace:packages/learning-nudge"],

    "@fengrru/lifecycle-manager": ["@fengrru/lifecycle-manager@workspace:packages/lifecycle-manager"],

    "@fengrru/llm-dag-generator": ["@fengrru/llm-dag-generator@workspace:packages/llm-dag-generator"],

    "@fengrru/max-mode-sampler": ["@fengrru/max-mode-sampler@workspace:packages/max-mode-sampler"],

    "@fengrru/mcp-client": ["@fengrru/mcp-client@workspace:packages/mcp-client"],

    "@fengrru/memory-engine-v2": ["@fengrru/memory-engine-v2@workspace:packages/memory-engine-v2"],

    "@fengrru/memory-graph": ["@fengrru/memory-graph@workspace:packages/memory-graph"],

    "@fengrru/notes-manager": ["@fengrru/notes-manager@workspace:packages/notes-manager"],

    "@fengrru/pomdp-planner": ["@fengrru/pomdp-planner@workspace:packages/pomdp-planner"],

    "@fengrru/process-reward": ["@fengrru/process-reward@workspace:packages/process-reward"],

    "@fengrru/project-memory": ["@fengrru/project-memory@workspace:packages/project-memory"],

    "@fengrru/reasoning-search": ["@fengrru/reasoning-search@workspace:packages/reasoning-search"],

    "@fengrru/replay": ["@fengrru/replay@workspace:packages/replay"],

    "@fengrru/retrieval-feedback": ["@fengrru/retrieval-feedback@workspace:packages/retrieval-feedback"],

    "@fengrru/skill-curator": ["@fengrru/skill-curator@workspace:packages/skill-curator"],

    "@fengrru/skillforge": ["@fengrru/skillforge@workspace:packages/skillforge"],

    "@fengrru/state-machine": ["@fengrru/state-machine@workspace:packages/state-machine"],

    "@fengrru/taskdag": ["@fengrru/taskdag@workspace:packages/taskdag"],

    "@fengrru/tracing": ["@fengrru/tracing@workspace:packages/tracing"],

    "@fengrru/txn-fs": ["@fengrru/txn-fs@workspace:packages/txn-fs"],

    "@fengrru/valid8": ["@fengrru/valid8@workspace:packages/valid8"],

    "@fengrru/worker": ["@fengrru/worker@workspace:packages/worker"],

    "@turbo/darwin-64": ["@turbo/darwin-64@2.10.7", "", { "os": "darwin", "cpu": "x64" }, "sha512-/c9cSBRermWDv85oufLhoH6XRLOVbvzJLRd+WLyfJCP+i0HFLQj4PVNDrHcY17/ve5l8X0Oua4bJBqJUgJPnZA=="],

    "@turbo/darwin-arm64": ["@turbo/darwin-arm64@2.10.7", "", { "os": "darwin", "cpu": "arm64" }, "sha512-8lpCCGWZBl9PIF8w8f2iEWrLMbHBWIfJeV6l2UEGqysD6HRIM4ySj/8R7HGEzbECJ4r/gnJcHmxEoG8yjFe64A=="],

    "@turbo/linux-64": ["@turbo/linux-64@2.10.7", "", { "os": "linux", "cpu": "x64" }, "sha512-Midw9Ed00yw9rqkWN82fY3LmLNFQ6yiL1GXB56DJKUEjWaEd27zh7ohCxzzrjfjQVrEeVWd3UPytTAV16XDQlA=="],

    "@turbo/linux-arm64": ["@turbo/linux-arm64@2.10.7", "", { "os": "linux", "cpu": "arm64" }, "sha512-UVEy+MW/xn4BcsiV3v3uv0/oObyaQgVtRT+Jj4WE53rNH05VEYEc1Z13q3zV6276wCZR4Yxc4hiTTcjw7PjSpg=="],

    "@turbo/windows-64": ["@turbo/windows-64@2.10.7", "", { "os": "win32", "cpu": "x64" }, "sha512-l2nH9KGLV46SWjcXvyc2+xo5gdf5J0NVADknQk9OCJhzJBpiNl/byd26yIfwZBjLupdqT6UOdPhPxcpUPxRykQ=="],

    "@turbo/windows-arm64": ["@turbo/windows-arm64@2.10.7", "", { "os": "win32", "cpu": "arm64" }, "sha512-qjE1apG6RThuX49vUJd5ks2dV2ndXC2qktDChQonFMvUzrMrEnZMQzO+IgxBiYq1j+NbXQcRwj84nGnk1TBw1g=="],

    "@types/node": ["@types/node@26.1.2", "", { "dependencies": { "undici-types": "~8.3.0" } }, "sha512-Vu4a5UFA9rIIFJ7rB/Vaafh9lrCQszopTCx6KjFboXTGQbPNasehVR5TEiithSDGyd1DEiUByggTZsg8jukeIg=="],

    "bun-types": ["bun-types@1.3.14", "", { "dependencies": { "@types/node": "*" } }, "sha512-4N0ig0fEomHt5R0KCFWjovxow98rIoRwKolrYdCcknNwMekCXRnWEUvgu5soYV8QXtVsrUD8B95MBOZGPvr6KQ=="],

    "code-refactor-agent-demo": ["code-refactor-agent-demo@workspace:demo/code-refactor-agent"],

    "self-hosted-agent-demo": ["self-hosted-agent-demo@workspace:demo/self-hosted-agent"],

    "turbo": ["turbo@2.10.7", "", { "optionalDependencies": { "@turbo/darwin-64": "2.10.7", "@turbo/darwin-arm64": "2.10.7", "@turbo/linux-64": "2.10.7", "@turbo/linux-arm64": "2.10.7", "@turbo/windows-64": "2.10.7", "@turbo/windows-arm64": "2.10.7" }, "bin": { "turbo": "bin/turbo" } }, "sha512-GHx6WExIFSKNJ5qMlzDpXBXlu9ApxaMjqxAVrCNcW94xf/+uqgIz41SAuRUMbXva2ExNAaY/h8V0q90SWSzmRw=="],

    "typescript": ["typescript@5.9.3", "", { "bin": { "tsc": "bin/tsc", "tsserver": "bin/tsserver" } }, "sha512-jl1vZzPDinLr9eUt3J/t7V6FgNEw9QjvBPdysz9KfQDD41fQrC2Y4vKQdiaUpFT4bXlb1RHhLpp8wtm6M5TgSw=="],

    "undici-types": ["undici-types@8.3.0", "", {}, "sha512-j375ScV60dom+YkPFIfTLcOiPxkN/buHz5GobjLhixFuANaNs3C9l4GmrWqejgXWJ7BbJcFYpTEUkS1Ge8bpZQ=="],

    "zod": ["zod@3.25.76", "", {}, "sha512-gzUt/qt81nXsFGKIFcC3YnfEAx5NkunCfnDlvuBSSFS02bcXu4Lmea0AFIUwbLWxWPx3d9p8S5QoaujKcNQxcQ=="],
  }
}
